
Microsoft Visual Studio Solution File, Format Version 12.00
# Visual Studio 15
VisualStudioVersion = 15.0.27703.2047
MinimumVisualStudioVersion = 10.0.40219.1
Project("{9A19103F-16F7-4668-BE54-9A1E7A4F7556}") = "UnityAuthorization", "UnityAuthorization\UnityAuthorization.csproj", "{60A28264-6936-40D5-AB54-5B95D683373A}"
EndProject
Project("{FAE04EC0-301F-11D3-BF4B-00C04F79EFBC}") = "UnitiyAuthorization.Services", "UnitiyAuthorization.Services\UnitiyAuthorization.Services.csproj", "{DCC9BAA4-EFA1-4F71-8312-6067ED71142A}"
EndProject
Project("{FAE04EC0-301F-11D3-BF4B-00C04F79EFBC}") = "UnityAuthorization.Repository", "UnityAuthorization.Repository\UnityAuthorization.Repository.csproj", "{3640E200-1210-4AC8-AE63-54B74FFB5ADC}"
EndProject
Project("{FAE04EC0-301F-11D3-BF4B-00C04F79EFBC}") = "UnityAuthorizatioin.Query", "UnityAuthorizatioin.Query\UnityAuthorizatioin.Query.csproj", "{4D642BD3-7B6F-455B-8496-FA81682F5A30}"
EndProject
Global
	GlobalSection(SolutionConfigurationPlatforms) = preSolution
		Debug|Any CPU = Debug|Any CPU
		Release|Any CPU = Release|Any CPU
	EndGlobalSection
	GlobalSection(ProjectConfigurationPlatforms) = postSolution
		{60A28264-6936-40D5-AB54-5B95D683373A}.Debug|Any CPU.ActiveCfg = Debug|Any CPU
		{60A28264-6936-40D5-AB54-5B95D683373A}.Debug|Any CPU.Build.0 = Debug|Any CPU
		{60A28264-6936-40D5-AB54-5B95D683373A}.Release|Any CPU.ActiveCfg = Release|Any CPU
		{60A28264-6936-40D5-AB54-5B95D683373A}.Release|Any CPU.Build.0 = Release|Any CPU
		{DCC9BAA4-EFA1-4F71-8312-6067ED71142A}.Debug|Any CPU.ActiveCfg = Debug|Any CPU
		{DCC9BAA4-EFA1-4F71-8312-6067ED71142A}.Debug|Any CPU.Build.0 = Debug|Any CPU
		{DCC9BAA4-EFA1-4F71-8312-6067ED71142A}.Release|Any CPU.ActiveCfg = Release|Any CPU
		{DCC9BAA4-EFA1-4F71-8312-6067ED71142A}.Release|Any CPU.Build.0 = Release|Any CPU
		{3640E200-1210-4AC8-AE63-54B74FFB5ADC}.Debug|Any CPU.ActiveCfg = Debug|Any CPU
		{3640E200-1210-4AC8-AE63-54B74FFB5ADC}.Debug|Any CPU.Build.0 = Debug|Any CPU
		{3640E200-1210-4AC8-AE63-54B74FFB5ADC}.Release|Any CPU.ActiveCfg = Release|Any CPU
		{3640E200-1210-4AC8-AE63-54B74FFB5ADC}.Release|Any CPU.Build.0 = Release|Any CPU
		{4D642BD3-7B6F-455B-8496-FA81682F5A30}.Debug|Any CPU.ActiveCfg = Debug|Any CPU
		{4D642BD3-7B6F-455B-8496-FA81682F5A30}.Debug|Any CPU.Build.0 = Debug|Any CPU
		{4D642BD3-7B6F-455B-8496-FA81682F5A30}.Release|Any CPU.ActiveCfg = Release|Any CPU
		{4D642BD3-7B6F-455B-8496-FA81682F5A30}.Release|Any CPU.Build.0 = Release|Any CPU
	EndGlobalSection
	GlobalSection(SolutionProperties) = preSolution
		HideSolutionNode = FALSE
	EndGlobalSection
	GlobalSection(ExtensibilityGlobals) = postSolution
		SolutionGuid = {6DE937F5-7171-476A-A943-D36F16F57E17}
	EndGlobalSection
EndGlobal
